
Microsoft Visual Studio Solution File, Format Version 12.00
# Visual Studio Version 16
VisualStudioVersion = 16.0.29409.12
MinimumVisualStudioVersion = 15.0.26124.0
Project("{9A19103F-16F7-4668-BE54-9A1E7A4F7556}") = "Client", "src\Client\Client.csproj", "{745621A3-24CB-4FB9-AD0D-7FA82328696E}"
EndProject
Project("{9A19103F-16F7-4668-BE54-9A1E7A4F7556}") = "Server", "src\Server\Server.csproj", "{35542112-9549-407F-8609-833E87F4DBB7}"
EndProject
Global
	GlobalSection(SolutionConfigurationPlatforms) = preSolution
		Debug|Any CPU = Debug|Any CPU
		Debug|x64 = Debug|x64
		Debug|x86 = Debug|x86
		Release|Any CPU = Release|Any CPU
		Release|x64 = Release|x64
		Release|x86 = Release|x86
	EndGlobalSection
	GlobalSection(ProjectConfigurationPlatforms) = postSolution
		{745621A3-24CB-4FB9-AD0D-7FA82328696E}.Debug|Any CPU.ActiveCfg = Debug|Any CPU
		{745621A3-24CB-4FB9-AD0D-7FA82328696E}.Debug|Any CPU.Build.0 = Debug|Any CPU
		{745621A3-24CB-4FB9-AD0D-7FA82328696E}.Debug|x64.ActiveCfg = Debug|Any CPU
		{745621A3-24CB-4FB9-AD0D-7FA82328696E}.Debug|x64.Build.0 = Debug|Any CPU
		{745621A3-24CB-4FB9-AD0D-7FA82328696E}.Debug|x86.ActiveCfg = Debug|Any CPU
		{745621A3-24CB-4FB9-AD0D-7FA82328696E}.Debug|x86.Build.0 = Debug|Any CPU
		{745621A3-24CB-4FB9-AD0D-7FA82328696E}.Release|Any CPU.ActiveCfg = Release|Any CPU
		{745621A3-24CB-4FB9-AD0D-7FA82328696E}.Release|Any CPU.Build.0 = Release|Any CPU
		{745621A3-24CB-4FB9-AD0D-7FA82328696E}.Release|x64.ActiveCfg = Release|Any CPU
		{745621A3-24CB-4FB9-AD0D-7FA82328696E}.Release|x64.Build.0 = Release|Any CPU
		{745621A3-24CB-4FB9-AD0D-7FA82328696E}.Release|x86.ActiveCfg = Release|Any CPU
		{745621A3-24CB-4FB9-AD0D-7FA82328696E}.Release|x86.Build.0 = Release|Any CPU
		{35542112-9549-407F-8609-833E87F4DBB7}.Debug|Any CPU.ActiveCfg = Debug|Any CPU
		{35542112-9549-407F-8609-833E87F4DBB7}.Debug|Any CPU.Build.0 = Debug|Any CPU
		{35542112-9549-407F-8609-833E87F4DBB7}.Debug|x64.ActiveCfg = Debug|Any CPU
		{35542112-9549-407F-8609-833E87F4DBB7}.Debug|x64.Build.0 = Debug|Any CPU
		{35542112-9549-407F-8609-833E87F4DBB7}.Debug|x86.ActiveCfg = Debug|Any CPU
		{35542112-9549-407F-8609-833E87F4DBB7}.Debug|x86.Build.0 = Debug|Any CPU
		{35542112-9549-407F-8609-833E87F4DBB7}.Release|Any CPU.ActiveCfg = Release|Any CPU
		{35542112-9549-407F-8609-833E87F4DBB7}.Release|Any CPU.Build.0 = Release|Any CPU
		{35542112-9549-407F-8609-833E87F4DBB7}.Release|x64.ActiveCfg = Release|Any CPU
		{35542112-9549-407F-8609-833E87F4DBB7}.Release|x64.Build.0 = Release|Any CPU
		{35542112-9549-407F-8609-833E87F4DBB7}.Release|x86.ActiveCfg = Release|Any CPU
		{35542112-9549-407F-8609-833E87F4DBB7}.Release|x86.Build.0 = Release|Any CPU
	EndGlobalSection
	GlobalSection(SolutionProperties) = preSolution
		HideSolutionNode = FALSE
	EndGlobalSection
	GlobalSection(ExtensibilityGlobals) = postSolution
		SolutionGuid = {C4C34E53-9B99-4638-9FA9-33CB8D5EC1F1}
	EndGlobalSection
EndGlobal
