
Microsoft Visual Studio Solution File, Format Version 12.00
# Visual Studio 15
VisualStudioVersion = 15.0.26124.0
MinimumVisualStudioVersion = 15.0.26124.0
Project("{9A19103F-16F7-4668-BE54-9A1E7A4F7556}") = "PipelinesServer", "src\PipelinesServer\PipelinesServer.csproj", "{C84E3793-4AD0-4E81-8D4A-6B9FD9A0DB54}"
EndProject
Project("{9A19103F-16F7-4668-BE54-9A1E7A4F7556}") = "SocketServer", "src\SocketServer\SocketServer.csproj", "{4EECB481-87B2-4C01-9064-17B92BEC6E6A}"
EndProject
Project("{9A19103F-16F7-4668-BE54-9A1E7A4F7556}") = "Client", "src\Client\Client.csproj", "{745621A3-24CB-4FB9-AD0D-7FA82328696E}"
EndProject
Global
	GlobalSection(SolutionConfigurationPlatforms) = preSolution
		Debug|Any CPU = Debug|Any CPU
		Debug|x64 = Debug|x64
		Debug|x86 = Debug|x86
		Release|Any CPU = Release|Any CPU
		Release|x64 = Release|x64
		Release|x86 = Release|x86
	EndGlobalSection
	GlobalSection(ProjectConfigurationPlatforms) = postSolution
		{C84E3793-4AD0-4E81-8D4A-6B9FD9A0DB54}.Debug|Any CPU.ActiveCfg = Debug|Any CPU
		{C84E3793-4AD0-4E81-8D4A-6B9FD9A0DB54}.Debug|Any CPU.Build.0 = Debug|Any CPU
		{C84E3793-4AD0-4E81-8D4A-6B9FD9A0DB54}.Debug|x64.ActiveCfg = Debug|Any CPU
		{C84E3793-4AD0-4E81-8D4A-6B9FD9A0DB54}.Debug|x64.Build.0 = Debug|Any CPU
		{C84E3793-4AD0-4E81-8D4A-6B9FD9A0DB54}.Debug|x86.ActiveCfg = Debug|Any CPU
		{C84E3793-4AD0-4E81-8D4A-6B9FD9A0DB54}.Debug|x86.Build.0 = Debug|Any CPU
		{C84E3793-4AD0-4E81-8D4A-6B9FD9A0DB54}.Release|Any CPU.ActiveCfg = Release|Any CPU
		{C84E3793-4AD0-4E81-8D4A-6B9FD9A0DB54}.Release|Any CPU.Build.0 = Release|Any CPU
		{C84E3793-4AD0-4E81-8D4A-6B9FD9A0DB54}.Release|x64.ActiveCfg = Release|Any CPU
		{C84E3793-4AD0-4E81-8D4A-6B9FD9A0DB54}.Release|x64.Build.0 = Release|Any CPU
		{C84E3793-4AD0-4E81-8D4A-6B9FD9A0DB54}.Release|x86.ActiveCfg = Release|Any CPU
		{C84E3793-4AD0-4E81-8D4A-6B9FD9A0DB54}.Release|x86.Build.0 = Release|Any CPU
		{4EECB481-87B2-4C01-9064-17B92BEC6E6A}.Debug|Any CPU.ActiveCfg = Debug|Any CPU
		{4EECB481-87B2-4C01-9064-17B92BEC6E6A}.Debug|Any CPU.Build.0 = Debug|Any CPU
		{4EECB481-87B2-4C01-9064-17B92BEC6E6A}.Debug|x64.ActiveCfg = Debug|Any CPU
		{4EECB481-87B2-4C01-9064-17B92BEC6E6A}.Debug|x64.Build.0 = Debug|Any CPU
		{4EECB481-87B2-4C01-9064-17B92BEC6E6A}.Debug|x86.ActiveCfg = Debug|Any CPU
		{4EECB481-87B2-4C01-9064-17B92BEC6E6A}.Debug|x86.Build.0 = Debug|Any CPU
		{4EECB481-87B2-4C01-9064-17B92BEC6E6A}.Release|Any CPU.ActiveCfg = Release|Any CPU
		{4EECB481-87B2-4C01-9064-17B92BEC6E6A}.Release|Any CPU.Build.0 = Release|Any CPU
		{4EECB481-87B2-4C01-9064-17B92BEC6E6A}.Release|x64.ActiveCfg = Release|Any CPU
		{4EECB481-87B2-4C01-9064-17B92BEC6E6A}.Release|x64.Build.0 = Release|Any CPU
		{4EECB481-87B2-4C01-9064-17B92BEC6E6A}.Release|x86.ActiveCfg = Release|Any CPU
		{4EECB481-87B2-4C01-9064-17B92BEC6E6A}.Release|x86.Build.0 = Release|Any CPU
		{745621A3-24CB-4FB9-AD0D-7FA82328696E}.Debug|Any CPU.ActiveCfg = Debug|Any CPU
		{745621A3-24CB-4FB9-AD0D-7FA82328696E}.Debug|Any CPU.Build.0 = Debug|Any CPU
		{745621A3-24CB-4FB9-AD0D-7FA82328696E}.Debug|x64.ActiveCfg = Debug|Any CPU
		{745621A3-24CB-4FB9-AD0D-7FA82328696E}.Debug|x64.Build.0 = Debug|Any CPU
		{745621A3-24CB-4FB9-AD0D-7FA82328696E}.Debug|x86.ActiveCfg = Debug|Any CPU
		{745621A3-24CB-4FB9-AD0D-7FA82328696E}.Debug|x86.Build.0 = Debug|Any CPU
		{745621A3-24CB-4FB9-AD0D-7FA82328696E}.Release|Any CPU.ActiveCfg = Release|Any CPU
		{745621A3-24CB-4FB9-AD0D-7FA82328696E}.Release|Any CPU.Build.0 = Release|Any CPU
		{745621A3-24CB-4FB9-AD0D-7FA82328696E}.Release|x64.ActiveCfg = Release|Any CPU
		{745621A3-24CB-4FB9-AD0D-7FA82328696E}.Release|x64.Build.0 = Release|Any CPU
		{745621A3-24CB-4FB9-AD0D-7FA82328696E}.Release|x86.ActiveCfg = Release|Any CPU
		{745621A3-24CB-4FB9-AD0D-7FA82328696E}.Release|x86.Build.0 = Release|Any CPU
	EndGlobalSection
	GlobalSection(SolutionProperties) = preSolution
		HideSolutionNode = FALSE
	EndGlobalSection
	GlobalSection(ExtensibilityGlobals) = postSolution
		SolutionGuid = {C4C34E53-9B99-4638-9FA9-33CB8D5EC1F1}
	EndGlobalSection
EndGlobal
